dependencies:
  lib0: 0.2.51
devDependencies:
  deno: 0.1.1
  lodash-es: 4.17.21
  terser: 5.12.1
  vite: 2.9.5
lockfileVersion: 5.2
packages:
  /acorn/8.7.0:
    dev: true
    engines:
      node: '>=0.4.0'
    hasBin: true
    resolution:
      integrity: sha512-V/LGr1APy+PXIwKebEWrkZPwoeoF+w1jiOBUmuxuiUIaOHtob8Qc9BTrYo7VuI5fR8tqsy+buA2WFooR5olqvQ==
  /buffer-from/1.1.2:
    dev: true
    resolution:
      integrity: sha512-E+XQCRwSbaaiChtv6k6Dwgc+bx+Bs6vuKJHHl5kox/BaKbhiXzqQOwK4cO22yElGp2OCmjwVhT3HmxgyPGnJfQ==
  /commander/2.20.3:
    dev: true
    resolution:
      integrity: sha512-GpVkmM8vF2vQUkj2LvZmD35JxeJOLCwJ9cUkugyk2nuhbv3+mJvpLYYt+0+USMxE+oj+ey/lJEnhZw75x/OMcQ==
  /dafo/0.1.1:
    dependencies:
      noda: 0.1.2
    dev: true
    resolution:
      integrity: sha512-18XhtDt5qQ5pAfWzo1t3mRXQPanY8diFQFjCxh+/0mko5QHztCv6oLgPL9kKxB8aeYutp8lWC7BqjGzC8GWX1w==
  /deno/0.1.1:
    dependencies:
      dafo: 0.1.1
      noda: 0.6.0
      qir: 0.1.0
    dev: true
    hasBin: true
    resolution:
      integrity: sha512-vdXCOZOXXgRUFPIV2HbyBBT+u1TjKmDueCEJuk9Q+ADLS7jmVfdfGxp0vI5o/gOjbA1OwOYMVfg249+9vjYa7w==
  /esbuild-android-64/0.14.36:
    cpu:
      - x64
    dev: true
    engines:
      node: '>=12'
    optional: true
    os:
      - android
    resolution:
      integrity: sha512-jwpBhF1jmo0tVCYC/ORzVN+hyVcNZUWuozGcLHfod0RJCedTDTvR4nwlTXdx1gtncDqjk33itjO+27OZHbiavw==
  /esbuild-android-arm64/0.14.36:
    cpu:
      - arm64
    dev: true
    engines:
      node: '>=12'
    optional: true
    os:
      - android
    resolution:
      integrity: sha512-/hYkyFe7x7Yapmfv4X/tBmyKnggUmdQmlvZ8ZlBnV4+PjisrEhAvC3yWpURuD9XoB8Wa1d5dGkTsF53pIvpjsg==
  /esbuild-darwin-64/0.14.36:
    cpu:
      - x64
    dev: true
    engines:
      node: '>=12'
    optional: true
    os:
      - darwin
    resolution:
      integrity: sha512-kkl6qmV0dTpyIMKagluzYqlc1vO0ecgpviK/7jwPbRDEv5fejRTaBBEE2KxEQbTHcLhiiDbhG7d5UybZWo/1zQ==
  /esbuild-darwin-arm64/0.14.36:
    cpu:
      - arm64
    dev: true
    engines:
      node: '>=12'
    optional: true
    os:
      - darwin
    resolution:
      integrity: sha512-q8fY4r2Sx6P0Pr3VUm//eFYKVk07C5MHcEinU1BjyFnuYz4IxR/03uBbDwluR6ILIHnZTE7AkTUWIdidRi1Jjw==
  /esbuild-freebsd-64/0.14.36:
    cpu:
      - x64
    dev: true
    engines:
      node: '>=12'
    optional: true
    os:
      - freebsd
    resolution:
      integrity: sha512-Hn8AYuxXXRptybPqoMkga4HRFE7/XmhtlQjXFHoAIhKUPPMeJH35GYEUWGbjteai9FLFvBAjEAlwEtSGxnqWww==
  /esbuild-freebsd-arm64/0.14.36:
    cpu:
      - arm64
    dev: true
    engines:
      node: '>=12'
    optional: true
    os:
      - freebsd
    resolution:
      integrity: sha512-S3C0attylLLRiCcHiJd036eDEMOY32+h8P+jJ3kTcfhJANNjP0TNBNL30TZmEdOSx/820HJFgRrqpNAvTbjnDA==
  /esbuild-linux-32/0.14.36:
    cpu:
      - ia32
    dev: true
    engines:
      node: '>=12'
    optional: true
    os:
      - linux
    resolution:
      integrity: sha512-Eh9OkyTrEZn9WGO4xkI3OPPpUX7p/3QYvdG0lL4rfr73Ap2HAr6D9lP59VMF64Ex01LhHSXwIsFG/8AQjh6eNw==
  /esbuild-linux-64/0.14.36:
    cpu:
      - x64
    dev: true
    engines:
      node: '>=12'
    optional: true
    os:
      - linux
    resolution:
      integrity: sha512-vFVFS5ve7PuwlfgoWNyRccGDi2QTNkQo/2k5U5ttVD0jRFaMlc8UQee708fOZA6zTCDy5RWsT5MJw3sl2X6KDg==
  /esbuild-linux-arm/0.14.36:
    cpu:
      - arm
    dev: true
    engines:
      node: '>=12'
    optional: true
    os:
      - linux
    resolution:
      integrity: sha512-NhgU4n+NCsYgt7Hy61PCquEz5aevI6VjQvxwBxtxrooXsxt5b2xtOUXYZe04JxqQo+XZk3d1gcr7pbV9MAQ/Lg==
  /esbuild-linux-arm64/0.14.36:
    cpu:
      - arm64
    dev: true
    engines:
      node: '>=12'
    optional: true
    os:
      - linux
    resolution:
      integrity: sha512-24Vq1M7FdpSmaTYuu1w0Hdhiqkbto1I5Pjyi+4Cdw5fJKGlwQuw+hWynTcRI/cOZxBcBpP21gND7W27gHAiftw==
  /esbuild-linux-mips64le/0.14.36:
    cpu:
      - mips64el
    dev: true
    engines:
      node: '>=12'
    optional: true
    os:
      - linux
    resolution:
      integrity: sha512-hZUeTXvppJN+5rEz2EjsOFM9F1bZt7/d2FUM1lmQo//rXh1RTFYzhC0txn7WV0/jCC7SvrGRaRz0NMsRPf8SIA==
  /esbuild-linux-ppc64le/0.14.36:
    cpu:
      - ppc64
    dev: true
    engines:
      node: '>=12'
    optional: true
    os:
      - linux
    resolution:
      integrity: sha512-1Bg3QgzZjO+QtPhP9VeIBhAduHEc2kzU43MzBnMwpLSZ890azr4/A9Dganun8nsqD/1TBcqhId0z4mFDO8FAvg==
  /esbuild-linux-riscv64/0.14.36:
    cpu:
      - riscv64
    dev: true
    engines:
      node: '>=12'
    optional: true
    os:
      - linux
    resolution:
      integrity: sha512-dOE5pt3cOdqEhaufDRzNCHf5BSwxgygVak9UR7PH7KPVHwSTDAZHDoEjblxLqjJYpc5XaU9+gKJ9F8mp9r5I4A==
  /esbuild-linux-s390x/0.14.36:
    cpu:
      - s390x
    dev: true
    engines:
      node: '>=12'
    optional: true
    os:
      - linux
    resolution:
      integrity: sha512-g4FMdh//BBGTfVHjF6MO7Cz8gqRoDPzXWxRvWkJoGroKA18G9m0wddvPbEqcQf5Tbt2vSc1CIgag7cXwTmoTXg==
  /esbuild-netbsd-64/0.14.36:
    cpu:
      - x64
    dev: true
    engines:
      node: '>=12'
    optional: true
    os:
      - netbsd
    resolution:
      integrity: sha512-UB2bVImxkWk4vjnP62ehFNZ73lQY1xcnL5ZNYF3x0AG+j8HgdkNF05v67YJdCIuUJpBuTyCK8LORCYo9onSW+A==
  /esbuild-openbsd-64/0.14.36:
    cpu:
      - x64
    dev: true
    engines:
      node: '>=12'
    optional: true
    os:
      - openbsd
    resolution:
      integrity: sha512-NvGB2Chf8GxuleXRGk8e9zD3aSdRO5kLt9coTQbCg7WMGXeX471sBgh4kSg8pjx0yTXRt0MlrUDnjVYnetyivg==
  /esbuild-sunos-64/0.14.36:
    cpu:
      - x64
    dev: true
    engines:
      node: '>=12'
    optional: true
    os:
      - sunos
    resolution:
      integrity: sha512-VkUZS5ftTSjhRjuRLp+v78auMO3PZBXu6xl4ajomGenEm2/rGuWlhFSjB7YbBNErOchj51Jb2OK8lKAo8qdmsQ==
  /esbuild-windows-32/0.14.36:
    cpu:
      - ia32
    dev: true
    engines:
      node: '>=12'
    optional: true
    os:
      - win32
    resolution:
      integrity: sha512-bIar+A6hdytJjZrDxfMBUSEHHLfx3ynoEZXx/39nxy86pX/w249WZm8Bm0dtOAByAf4Z6qV0LsnTIJHiIqbw0w==
  /esbuild-windows-64/0.14.36:
    cpu:
      - x64
    dev: true
    engines:
      node: '>=12'
    optional: true
    os:
      - win32
    resolution:
      integrity: sha512-+p4MuRZekVChAeueT1Y9LGkxrT5x7YYJxYE8ZOTcEfeUUN43vktSn6hUNsvxzzATrSgq5QqRdllkVBxWZg7KqQ==
  /esbuild-windows-arm64/0.14.36:
    cpu:
      - arm64
    dev: true
    engines:
      node: '>=12'
    optional: true
    os:
      - win32
    resolution:
      integrity: sha512-fBB4WlDqV1m18EF/aheGYQkQZHfPHiHJSBYzXIo8yKehek+0BtBwo/4PNwKGJ5T0YK0oc8pBKjgwPbzSrPLb+Q==
  /esbuild/0.14.36:
    dev: true
    engines:
      node: '>=12'
    hasBin: true
    optionalDependencies:
      esbuild-android-64: 0.14.36
      esbuild-android-arm64: 0.14.36
      esbuild-darwin-64: 0.14.36
      esbuild-darwin-arm64: 0.14.36
      esbuild-freebsd-64: 0.14.36
      esbuild-freebsd-arm64: 0.14.36
      esbuild-linux-32: 0.14.36
      esbuild-linux-64: 0.14.36
      esbuild-linux-arm: 0.14.36
      esbuild-linux-arm64: 0.14.36
      esbuild-linux-mips64le: 0.14.36
      esbuild-linux-ppc64le: 0.14.36
      esbuild-linux-riscv64: 0.14.36
      esbuild-linux-s390x: 0.14.36
      esbuild-netbsd-64: 0.14.36
      esbuild-openbsd-64: 0.14.36
      esbuild-sunos-64: 0.14.36
      esbuild-windows-32: 0.14.36
      esbuild-windows-64: 0.14.36
      esbuild-windows-arm64: 0.14.36
    requiresBuild: true
    resolution:
      integrity: sha512-HhFHPiRXGYOCRlrhpiVDYKcFJRdO0sBElZ668M4lh2ER0YgnkLxECuFe7uWCf23FrcLc59Pqr7dHkTqmRPDHmw==
  /fsevents/2.3.2:
    dev: true
    engines:
      node: ^8.16.0 || ^10.6.0 || >=11.0.0
    optional: true
    os:
      - darwin
    resolution:
      integrity: sha512-xiqMQR4xAeHTuB9uWm+fFRcIOgKBMiOBP+eXiyT7jsgVCq1bkVygt00oASowB7EdtpOHaaPgKt812P9ab+DDKA==
  /function-bind/1.1.1:
    dev: true
    resolution:
      integrity: sha512-yIovAzMX49sF8Yl58fSCWJ5svSLuaibPxXQJFLmBObTuCr0Mf1KiPopGM9NiFjiYBCbfaa2Fh6breQ6ANVTI0A==
  /has/1.0.3:
    dependencies:
      function-bind: 1.1.1
    dev: true
    engines:
      node: '>= 0.4.0'
    resolution:
      integrity: sha512-f2dvO0VU6Oej7RkWJGrehjbzMAjFp5/VKPp5tTpWIV4JHHZK1/BxbFRtf/siA2SWTe09caDmVtYYzWEIbBS4zw==
  /is-core-module/2.8.1:
    dependencies:
      has: 1.0.3
    dev: true
    resolution:
      integrity: sha512-SdNCUs284hr40hFTFP6l0IfZ/RSrMXF3qgoRHd3/79unUTvrFO/JoXwkGm+5J/Oe3E/b5GsnG330uUNgRpu1PA==
  /isomorphic.js/0.2.5:
    dev: false
    resolution:
      integrity: sha512-PIeMbHqMt4DnUP3MA/Flc0HElYjMXArsw1qwJZcm9sqR8mq3l8NYizFMty0pWwE/tzIGH3EKK5+jes5mAr85yw==
  /lib0/0.2.51:
    dependencies:
      isomorphic.js: 0.2.5
    dev: false
    engines:
      node: '>=12'
    resolution:
      integrity: sha512-05Erb3465CxJa38LQlMz4EbetNvRna1S3BzqEjC0/pmp5cQuQSfNNmeS0722Wev1dRlMUp2Cql0gQ55krSXf2Q==
  /lodash-es/4.17.21:
    dev: true
    resolution:
      integrity: sha512-mKnC+QJ9pWVzv+C4/U3rRsHapFfHvQFoFB92e52xeyGMcX6/OlIl78je1u8vePzYZSkkogMPJ2yjxxsb89cxyw==
  /nanoid/3.3.3:
    dev: true
    engines:
      node: ^10 || ^12 || ^13.7 || ^14 || >=15.0.1
    hasBin: true
    resolution:
      integrity: sha512-p1sjXuopFs0xg+fPASzQ28agW1oHD7xDsd9Xkf3T15H3c/cifrFHVwrh74PdoklAPi+i7MdRsE47vm2r6JoB+w==
  /noda/0.1.2:
    dev: true
    resolution:
      integrity: sha1-bDr9YHLECqzyLb9UFQ3tFJmVtso=
  /noda/0.6.0:
    dev: true
    engines:
      node: '>=6'
    resolution:
      integrity: sha512-Zj3eTQ1cL83zGvorxbGmeqNnt/h+2nH3jT/XLI2oXHL9LH6IKoPvFh6feT1e/yFhRRByP3Q+waM+2dcXIdZkqg==
  /path-parse/1.0.7:
    dev: true
    resolution:
      integrity: sha512-LDJzPVEEEPR+y48z93A0Ed0yXb8pAByGWo/k5YYdYgpY2/2EsOsksJrq7lOHxryrVOn1ejG6oAp8ahvOIQD8sw==
  /picocolors/1.0.0:
    dev: true
    resolution:
      integrity: sha512-1fygroTLlHu66zi26VoTDv8yRgm0Fccecssto+MhsZ0D/DGW2sm8E8AjW7NU5VVTRt5GxbeZ5qBuJr+HyLYkjQ==
  /postcss/8.4.12:
    dependencies:
      nanoid: 3.3.3
      picocolors: 1.0.0
      source-map-js: 1.0.2
    dev: true
    engines:
      node: ^10 || ^12 || >=14
    resolution:
      integrity: sha512-lg6eITwYe9v6Hr5CncVbK70SoioNQIq81nsaG86ev5hAidQvmOeETBqs7jm43K2F5/Ley3ytDtriImV6TpNiSg==
  /qir/0.1.0:
    dependencies:
      noda: 0.6.0
    dev: true
    resolution:
      integrity: sha512-LJUKDMyPsaog5uDarzqterz+SfdyA3mfvq45kSLV0X5IOSPy/nlueKvLg8nClOSKp57c1E0bU/BFHwHFUoVhcw==
  /resolve/1.22.0:
    dependencies:
      is-core-module: 2.8.1
      path-parse: 1.0.7
      supports-preserve-symlinks-flag: 1.0.0
    dev: true
    hasBin: true
    resolution:
      integrity: sha512-Hhtrw0nLeSrFQ7phPp4OOcVjLPIeMnRlr5mcnVuMe7M/7eBn98A3hmFRLoFo3DLZkivSYwhRUJTyPyWAk56WLw==
  /rollup/2.70.2:
    dev: true
    engines:
      node: '>=10.0.0'
    hasBin: true
    optionalDependencies:
      fsevents: 2.3.2
    resolution:
      integrity: sha512-EitogNZnfku65I1DD5Mxe8JYRUCy0hkK5X84IlDtUs+O6JRMpRciXTzyCUuX11b5L5pvjH+OmFXiQ3XjabcXgg==
  /source-map-js/1.0.2:
    dev: true
    engines:
      node: '>=0.10.0'
    resolution:
      integrity: sha512-R0XvVJ9WusLiqTCEiGCmICCMplcCkIwwR11mOSD9CR5u+IXYdiseeEuXCVAjS54zqwkLcPNnmU4OeJ6tUrWhDw==
  /source-map-support/0.5.21:
    dependencies:
      buffer-from: 1.1.2
      source-map: 0.6.1
    dev: true
    resolution:
      integrity: sha512-uBHU3L3czsIyYXKX88fdrGovxdSCoTGDRZ6SYXtSRxLZUzHg5P/66Ht6uoUlHu9EZod+inXhKo3qQgwXUT/y1w==
  /source-map/0.6.1:
    dev: true
    engines:
      node: '>=0.10.0'
    resolution:
      integrity: sha512-UjgapumWlbMhkBgzT7Ykc5YXUT46F0iKu8SGXq0bcwP5dz/h0Plj6enJqjz1Zbq2l5WaqYnrVbwWOWMyF3F47g==
  /source-map/0.7.3:
    dev: true
    engines:
      node: '>= 8'
    resolution:
      integrity: sha512-CkCj6giN3S+n9qrYiBTX5gystlENnRW5jZeNLHpe6aue+SrHcG5VYwujhW9s4dY31mEGsxBDrHR6oI69fTXsaQ==
  /supports-preserve-symlinks-flag/1.0.0:
    dev: true
    engines:
      node: '>= 0.4'
    resolution:
      integrity: sha512-ot0WnXS9fgdkgIcePe6RHNk1WA8+muPa6cSjeR3V8K27q9BB1rTE3R1p7Hv0z1ZyAc8s6Vvv8DIyWf681MAt0w==
  /terser/5.12.1:
    dependencies:
      acorn: 8.7.0
      commander: 2.20.3
      source-map: 0.7.3
      source-map-support: 0.5.21
    dev: true
    engines:
      node: '>=10'
    hasBin: true
    resolution:
      integrity: sha512-NXbs+7nisos5E+yXwAD+y7zrcTkMqb0dEJxIGtSKPdCBzopf7ni4odPul2aechpV7EXNvOudYOX2bb5tln1jbQ==
  /vite/2.9.5:
    dependencies:
      esbuild: 0.14.36
      postcss: 8.4.12
      resolve: 1.22.0
      rollup: 2.70.2
    dev: true
    engines:
      node: '>=12.2.0'
    hasBin: true
    optionalDependencies:
      fsevents: 2.3.2
    peerDependencies:
      less: '*'
      sass: '*'
      stylus: '*'
    peerDependenciesMeta:
      less:
        optional: true
      sass:
        optional: true
      stylus:
        optional: true
    resolution:
      integrity: sha512-dvMN64X2YEQgSXF1lYabKXw3BbN6e+BL67+P3Vy4MacnY+UzT1AfkHiioFSi9+uiDUiaDy7Ax/LQqivk6orilg==
specifiers:
  deno: ^0.1.1
  lib0: ^0.2.51
  lodash-es: ^4.17.21
  terser: ^5.12.1
  vite: ^2.9.5
